{"SurveyEntry":{"SurveyID":"SV_8v79iA9BlgTnAnH","SurveyName":"Open Data Flint (Revised Pilot)","SurveyDescription":null,"SurveyOwnerID":"UR_9EqNCULYqY8KHQN","SurveyBrandID":"umich","DivisionID":"DV_9sspKMij4kcHmyp","SurveyLanguage":"EN","SurveyActiveResponseSet":"RS_cFUlUorvTysfCol","SurveyStatus":"Active","SurveyStartDate":"0000-00-00 00:00:00","SurveyExpirationDate":"0000-00-00 00:00:00","SurveyCreationDate":"2019-01-08 13:00:32","CreatorID":"UR_9EqNCULYqY8KHQN","LastModified":"2019-02-26 09:03:25","LastAccessed":"0000-00-00 00:00:00","LastActivated":"2019-01-08 13:01:39","Deleted":null},"SurveyElements":[{"SurveyID":"SV_8v79iA9BlgTnAnH","Element":"BL","PrimaryAttribute":"Survey Blocks","SecondaryAttribute":null,"TertiaryAttribute":null,"Payload":{"0":{"Type":"Default","Description":"Survey Intro","ID":"BL_8esXdCaufrksCLb","BlockElements":[{"Type":"Question","QuestionID":"QID1"}],"Options":{"BlockLocking":"false","RandomizeQuestions":"false","BlockVisibility":"Expanded"}},"1":{"Type":"Trash","Description":"Trash \/ Unused Questions","ID":"BL_9z343feE2QD06Kp","BlockElements":[{"Type":"Question","QuestionID":"QID3"},{"Type":"Question","QuestionID":"QID10"},{"Type":"Question","QuestionID":"QID2"},{"Type":"Question","QuestionID":"QID6"},{"Type":"Question","QuestionID":"QID13"},{"Type":"Question","QuestionID":"QID22"}]},"2":{"Type":"Standard","SubType":"","Description":"General","ID":"BL_7WnA8YLw4xiebFr","BlockElements":[],"Options":{"BlockLocking":"false","RandomizeQuestions":"false","BlockVisibility":"Expanded"}},"3":{"Type":"Standard","SubType":"","Description":"Goals","ID":"BL_2oCZfbmK6Mb0sO9","BlockElements":[{"Type":"Question","QuestionID":"QID9"},{"Type":"Question","QuestionID":"QID16"},{"Type":"Question","QuestionID":"QID5"},{"Type":"Question","QuestionID":"QID7","SkipLogic":[{"SkipLogicID":2,"ChoiceLocator":"q:\/\/QID7\/SelectableChoice\/2","Condition":"Selected","SkipToDestination":"ENDOFBLOCK","Locator":"q:\/\/QID7\/SelectableChoice\/2","SkipToDescription":"Do you use similar websites... <strong>No<\/strong>  <strong>Is Selected<\/strong>","Description":"Condition: <strong title=\"No\">No<\/strong> <strong>Is Selected<\/strong>. Skip To: <strong>End of Block<\/strong>.","QuestionID":"QID7"}]},{"Type":"Question","QuestionID":"QID15"},{"Type":"Question","QuestionID":"QID17"}]},"5":{"Type":"Standard","SubType":"","Description":"Needs","ID":"BL_6rncIfgrmhf2a3z","BlockElements":[{"Type":"Question","QuestionID":"QID18"},{"Type":"Question","QuestionID":"QID23"},{"Type":"Question","QuestionID":"QID20"},{"Type":"Question","QuestionID":"QID19"}],"Options":{"BlockLocking":"false","RandomizeQuestions":"false","BlockVisibility":"Expanded"}},"6":{"Type":"Standard","SubType":"","Description":"Use","ID":"BL_d7iBQSfisEiOAM5","BlockElements":[{"Type":"Question","QuestionID":"QID4"},{"Type":"Question","QuestionID":"QID12"},{"Type":"Question","QuestionID":"QID21"},{"Type":"Question","QuestionID":"QID14","SkipLogic":[{"SkipLogicID":2,"ChoiceLocator":"q:\/\/QID14\/SelectableChoice\/7","Condition":"Selected","SkipToDestination":"QID24","Locator":"q:\/\/QID14\/SelectableChoice\/7","SkipToDescription":"How often do you use the Op... <strong>I have never used this website<\/strong>  <strong>Is Selected<\/strong>","Description":"Condition: <strong title=\"I have never used this website\">I have never used this website<\/strong> <strong>Is Selected<\/strong>. Skip To: <strong>In what ways would you like to be abl...<\/strong>.","QuestionID":"QID14"}]},{"Type":"Question","QuestionID":"QID11"},{"Type":"Question","QuestionID":"QID8"},{"Type":"Question","QuestionID":"QID24"}]}}},{"SurveyID":"SV_8v79iA9BlgTnAnH","Element":"FL","PrimaryAttribute":"Survey Flow","SecondaryAttribute":null,"TertiaryAttribute":null,"Payload":{"Type":"Root","FlowID":"FL_1","Flow":[{"Type":"Block","ID":"BL_8esXdCaufrksCLb","FlowID":"FL_2"},{"Type":"Standard","ID":"BL_7WnA8YLw4xiebFr","FlowID":"FL_3"},{"Type":"Standard","ID":"BL_d7iBQSfisEiOAM5","FlowID":"FL_7"},{"Type":"Standard","ID":"BL_2oCZfbmK6Mb0sO9","FlowID":"FL_4"},{"Type":"Standard","ID":"BL_6rncIfgrmhf2a3z","FlowID":"FL_6"}],"Properties":{"Count":7,"RemovedFieldsets":[]}}},{"SurveyID":"SV_8v79iA9BlgTnAnH","Element":"SO","PrimaryAttribute":"Survey Options","SecondaryAttribute":null,"TertiaryAttribute":null,"Payload":{"BackButton":"true","SaveAndContinue":"true","SurveyProtection":"PublicSurvey","BallotBoxStuffingPrevention":"true","NoIndex":"Yes","SecureResponseFiles":"true","SurveyExpiration":null,"SurveyTermination":"DefaultMessage","Header":"","Footer":"","ProgressBarDisplay":"NoText","PartialData":"+1 week","ValidationMessage":null,"PreviousButton":" \u2190 ","NextButton":" \u2192 ","SkinLibrary":"umich","SkinType":"MQ","Skin":"umich4","NewScoring":1,"EOSMessage":"","ShowExportTags":"false","CollectGeoLocation":"false","SurveyTitle":"Online Survey Software | Qualtrics Survey Solutions","SurveyMetaDescription":"Qualtrics sophisticated online survey software solutions make creating online surveys easy. Learn more about Research Suite and get a free account today.","PasswordProtection":"No","AnonymizeResponse":"Yes","Password":"","RefererCheck":"No","RefererURL":"http:\/\/","RecaptchaV3":"false","RelevantID":"false","ResponseSummary":"No","EOSMessageLibrary":"","EOSRedirectURL":"https:\/\/","EmailThankYou":"false","ThankYouEmailMessageLibrary":null,"ThankYouEmailMessage":null,"ValidateMessage":"false","ValidationMessageLibrary":null,"InactiveSurvey":"DefaultMessage","PartialDataCloseAfter":"LastActivity","ActiveResponseSet":null,"InactiveMessageLibrary":"","InactiveMessage":"","AvailableLanguages":{"EN":[]},"SurveyName":"Open Data Flint (Revised Pilot)","libraryId":"","nextButtonMid":"","previousButtonMid":"","headerMid":"","footerMid":"","QuestionsPerPage":"","PageTransition":"None","Autofocus":"false","Autoadvance":"false","AutoadvancePages":"false","CustomStyles":{"errorStyles":{"selector":".Skin .ValidationError","styles":{"color":null,"backgroundColor":null,"borderColor":null}},"errorStylesBG":{"selector":".Skin .HeaderValidationError, .Skin .HeaderValidationError li a","styles":{"color":null,"backgroundColor":null}},"pageStyles":{"selector":"#SurveyEngineBody","styles":{"backgroundColor":null}},"textStyles":{"selector":".SkinInner","styles":{"fontFamily":null,"fontSize":null,"fontWeight":null,"fontStyle":null,"textDecoration":null,"color":null}},"questionStyles":{"selector":".Skin .QuestionText","styles":{"fontFamily":null,"fontSize":null,"fontWeight":null,"fontStyle":null,"textDecoration":null,"color":null}},"choiceStyles":{"selector":".Skin .horizontalbar th.ylabel, .Skin .Matrix table td, .Skin .Matrix table th, .Skin .Matrix table thead th, .Skin .Matrix table thead td, .Skin .PGR .DragAndDrop .Items label, .Skin .QuestionBody ul.ChoiceStructure, .Skin .PGR .DragAndDrop .Group ul, .Skin .PGR .DragAndDrop .Group h2, .Skin .PGR .DragAndDrop .Items ul, .Skin .PGR .DragAndDrop .Items h2, .Skin .DD .QuestionBody table.ChoiceStructure, .Skin .PGR .DragAndDrop .NoColumns td.groupsContainerTd div ul, .Skin .PGR .DragAndDrop .NoColumns td.groupsContainerTd div h2, .Skin .SBS thead th, .Skin .SBS td, .Skin .SBS .Answers td, .Skin .SBS .Answers th, .SBS table.ChoiceStructure, .Skin .horizontalbar thead table.LabelDescriptions tr td, .Skin .horizontalbar thead tr td.NotApplicable, .QuestionBody th, .Skin .QuestionBody .MC .MAVR label, .Skin .QuestionBody .MC .SAVR label, .Skin .SBS thead th, .Skin .SBS td, .Skin .RO .DND ul li, .Skin .reg, .SkinInner .ChoiceStructure, .Skin thead, .Skin .GAP .ChoiceStructure thead th, .Skin .GAP .ChoiceStructure .c4, .Skin .GAP .ChoiceStructure th, .Skin .GAP .ChoiceStructure .WhyText, .SkinInner .ChoiceStructure .LightBG, .Skin .QuestionOuter.Highlight .Inner .reg, .Skin .QuestionOuter.Highlight .Inner .alt, .Skin .QuestionOuter.Highlight .Inner .ReadableAlt       ","styles":{"fontFamily":null,"fontSize":null,"fontWeight":null,"fontStyle":null,"textDecoration":null,"color":null}},"headerStyles":{"selector":".Skin div#Header","styles":{"color":null}},"footerStyles":{"selector":".Skin #Footer","styles":{"color":null}},"questionSeparatorStyles":{"selector":".Skin .Separator","styles":{"backgroundColor":null,"display":null}},"highlightStyles":{"selector":".Skin .QuestionOuter.Highlight .Inner, .Skin .QuestionOuter.Highlight .Inner .reg, .Skin .QuestionOuter.Highlight .Inner .alt, .Skin .QuestionOuter.Highlight .Inner .ReadableAlt","styles":{"backgroundColor":null}},"highlightStylesAlt":{"selector":".Skin .QuestionOuter.Highlight .Inner .ReadableAlt, .Skin .QuestionOuter.Highlight .Inner .LightBG","styles":{"backgroundColor":null}},"textEntryStyles":{"selector":".Skin select, .Skin .InputText","styles":{"color":null}},"borderStyles":{"selector":".Skin .CS .horizontalbar table.sliderGrid tr.xlabel th, .Skin .CS .horizontalbar .ylabel, .Skin .CS .horizontalbar table.sliderGrid tr td.value, .Skin .Slider .horizontalbar table.sliderGrid tr.xlabel th, .Skin .BorderColor, .Skin .DarkBorderColor, .Skin .Slider .horizontalbar table.sliderGrid tr td.value, .Skin thead, .Skin .GAP .ChoiceStructure thead th  ","styles":{"borderColor":null}},"altRowStyles":{"selector":".Skin .ReadableAlt, .Skin .LightBG","styles":{"backgroundColor":null}},"customCSS":null},"HighlightQuestions":"off","ProtectSelectionIds":true}},{"SurveyID":"SV_8v79iA9BlgTnAnH","Element":"TR","PrimaryAttribute":"OC_uzbYvLdKPFcZAqd","SecondaryAttribute":null,"TertiaryAttribute":null,"Payload":{"Name":"New Action","EventType":"OnSurveyResponse","Type":"OnSurveyComplete","TriggerAction":"Outcome"}},{"SurveyID":"SV_8v79iA9BlgTnAnH","Element":"SCO","PrimaryAttribute":"Scoring","SecondaryAttribute":null,"TertiaryAttribute":null,"Payload":{"ScoringCategories":[],"ScoringCategoryGroups":[],"ScoringSummaryCategory":null,"ScoringSummaryAfterQuestions":0,"ScoringSummaryAfterSurvey":0,"DefaultScoringCategory":null,"AutoScoringCategory":null}},{"SurveyID":"SV_8v79iA9BlgTnAnH","Element":"PROJ","PrimaryAttribute":"CORE","SecondaryAttribute":null,"TertiaryAttribute":"1.1.0","Payload":{"ProjectCategory":"CORE","SchemaVersion":"1.1.0"}},{"SurveyID":"SV_8v79iA9BlgTnAnH","Element":"STAT","PrimaryAttribute":"Survey Statistics","SecondaryAttribute":null,"TertiaryAttribute":null,"Payload":{"MobileCompatible":true,"ID":"Survey Statistics"}},{"SurveyID":"SV_8v79iA9BlgTnAnH","Element":"QC","PrimaryAttribute":"Survey Question Count","SecondaryAttribute":"24","TertiaryAttribute":null,"Payload":null},{"SurveyID":"SV_8v79iA9BlgTnAnH","Element":"SQ","PrimaryAttribute":"QID10","SecondaryAttribute":"Click to write the question text","TertiaryAttribute":null,"Payload":{"QuestionText":"Click to write the question text","DataExportTag":"Q10","QuestionType":"MC","Selector":"SAVR","SubSelector":"TX","Configuration":{"QuestionDescriptionOption":"UseText"},"QuestionDescription":"Click to write the question text","Choices":{"1":{"Display":"Click to write Choice 1"},"2":{"Display":"Click to write Choice 2"},"3":{"Display":"Click to write Choice 3"}},"ChoiceOrder":["1","2","3"],"Validation":{"Settings":{"ForceResponse":"OFF","ForceResponseType":"ON","Type":"None"}},"Language":[],"NextChoiceId":4,"NextAnswerId":1,"QuestionID":"QID10"}},{"SurveyID":"SV_8v79iA9BlgTnAnH","Element":"RS","PrimaryAttribute":"RS_cFUlUorvTysfCol","SecondaryAttribute":"Default Response Set","TertiaryAttribute":null,"Payload":null},{"SurveyID":"SV_8v79iA9BlgTnAnH","Element":"SQ","PrimaryAttribute":"QID4","SecondaryAttribute":"Do you live, work, or spend significant time in Flint?","TertiaryAttribute":null,"Payload":{"QuestionText":"Do you live, work, or spend significant time in Flint?","DataExportTag":"Flint_Relationship","QuestionType":"MC","Selector":"SAVR","SubSelector":"TX","Configuration":{"QuestionDescriptionOption":"UseText"},"QuestionDescription":"Do you live, work, or spend significant time in Flint?","Choices":{"1":{"Display":"Yes"},"2":{"Display":"No"}},"ChoiceOrder":[1,2],"Validation":{"Settings":{"ForceResponse":"ON","ForceResponseType":"ON","Type":"None"}},"Language":[],"NextChoiceId":3,"NextAnswerId":1,"QuestionID":"QID4","DataVisibility":{"Private":false,"Hidden":false}}},{"SurveyID":"SV_8v79iA9BlgTnAnH","Element":"SQ","PrimaryAttribute":"QID7","SecondaryAttribute":"Do you use similar websites or resources to accomplish the objectives you have in using Open Data...","TertiaryAttribute":null,"Payload":{"QuestionText":"Do you use similar websites or resources to accomplish the objectives you have in using Open Data Flint?","DefaultChoices":false,"DataExportTag":"Similar","QuestionID":"QID7","QuestionType":"MC","Selector":"SAVR","SubSelector":"TX","DataVisibility":{"Private":false,"Hidden":false},"Configuration":{"QuestionDescriptionOption":"UseText"},"QuestionDescription":"Do you use similar websites or resources to accomplish the objectives you have in using Open Data...","Choices":{"1":{"Display":"Yes"},"2":{"Display":"No"}},"ChoiceOrder":[1,2],"Validation":{"Settings":{"ForceResponse":"ON","ForceResponseType":"ON","Type":"None"}},"GradingData":[],"Language":[],"NextChoiceId":3,"NextAnswerId":1}},{"SurveyID":"SV_8v79iA9BlgTnAnH","Element":"SQ","PrimaryAttribute":"QID6","SecondaryAttribute":"Have you used Open Data Flint before?","TertiaryAttribute":null,"Payload":{"QuestionText":"Have you used Open Data Flint before?","DataExportTag":"Use","QuestionType":"MC","Selector":"SAVR","SubSelector":"TX","Configuration":{"QuestionDescriptionOption":"UseText"},"QuestionDescription":"Have you used Open Data Flint before?","Choices":{"1":{"Display":"Yes"},"2":{"Display":"No"}},"ChoiceOrder":[1,2],"Validation":{"Settings":{"ForceResponse":"ON","ForceResponseType":"ON","Type":"None"}},"Language":[],"NextChoiceId":3,"NextAnswerId":1,"QuestionID":"QID6","DataVisibility":{"Private":false,"Hidden":false}}},{"SurveyID":"SV_8v79iA9BlgTnAnH","Element":"SQ","PrimaryAttribute":"QID16","SecondaryAttribute":"How could Open Data Flint better help you to accomplish your goals for using the website?","TertiaryAttribute":null,"Payload":{"QuestionText":"How could Open Data Flint better help you to accomplish your goals for using the website?","DefaultChoices":false,"DataExportTag":"Current_Effectivenes","QuestionID":"QID16","QuestionType":"TE","Selector":"ML","DataVisibility":{"Private":false,"Hidden":false},"Configuration":{"QuestionDescriptionOption":"UseText","InputWidth":475,"InputHeight":104,"AllowFreeResponse":"false"},"QuestionDescription":"How could Open Data Flint better help you to accomplish your goals for using the website?","Validation":{"Settings":{"ForceResponse":"ON","ForceResponseType":"ON","Type":"None"}},"GradingData":[],"Language":[],"NextChoiceId":6,"NextAnswerId":1}},{"SurveyID":"SV_8v79iA9BlgTnAnH","Element":"SQ","PrimaryAttribute":"QID22","SecondaryAttribute":"How could the design of the site be improved?","TertiaryAttribute":null,"Payload":{"QuestionText":"How could the design of the site be improved?","DefaultChoices":false,"DataExportTag":"Improved","QuestionType":"TE","Selector":"ML","DataVisibility":{"Private":false,"Hidden":false},"Configuration":{"QuestionDescriptionOption":"UseText","InputWidth":585,"InputHeight":102,"AllowFreeResponse":"false"},"QuestionDescription":"How could the design of the site be improved?","Validation":{"Settings":{"ForceResponse":"OFF","ForceResponseType":"ON","Type":"None"}},"GradingData":[],"Language":[],"NextChoiceId":4,"NextAnswerId":1,"QuestionID":"QID22"}},{"SurveyID":"SV_8v79iA9BlgTnAnH","Element":"SQ","PrimaryAttribute":"QID13","SecondaryAttribute":"How could the site be more useful to you?","TertiaryAttribute":null,"Payload":{"QuestionText":"How could the site be more useful to you?","DefaultChoices":false,"DataExportTag":"More_Useful","QuestionID":"QID13","QuestionType":"TE","Selector":"ML","Configuration":{"QuestionDescriptionOption":"UseText","InputWidth":475,"InputHeight":100,"AllowFreeResponse":"false"},"QuestionDescription":"How could the site be more useful to you?","Validation":{"Settings":{"ForceResponse":"ON","ForceResponseType":"ON","Type":"None"}},"GradingData":[],"Language":[],"NextChoiceId":4,"NextAnswerId":1,"DataVisibility":{"Private":false,"Hidden":false}}},{"SurveyID":"SV_8v79iA9BlgTnAnH","Element":"SQ","PrimaryAttribute":"QID20","SecondaryAttribute":"How could the website better meet your needs?","TertiaryAttribute":null,"Payload":{"QuestionText":"How could the website better meet your needs?","DefaultChoices":false,"DataExportTag":"Needs","QuestionID":"QID20","QuestionType":"TE","Selector":"ML","Configuration":{"QuestionDescriptionOption":"UseText","InputWidth":585,"InputHeight":102,"AllowFreeResponse":"false"},"QuestionDescription":"How could the website better meet your needs?","Validation":{"Settings":{"ForceResponse":"ON","ForceResponseType":"ON","Type":"None"}},"GradingData":[],"Language":[],"NextChoiceId":4,"NextAnswerId":1,"DataVisibility":{"Private":false,"Hidden":false},"DisplayLogic":{"0":{"0":{"LogicType":"Question","QuestionID":"QID18","QuestionIsInLoop":"no","ChoiceLocator":"q:\/\/QID18\/SelectableChoice\/3","Operator":"Selected","QuestionIDFromLocator":"QID18","LeftOperand":"q:\/\/QID18\/SelectableChoice\/3","Type":"Expression","Description":"<span class=\"ConjDesc\">If<\/span> <span class=\"QuestionDesc\">How effective has Open Data Flint been in meeting your needs?<\/span> <span class=\"LeftOpDesc\">Neither effective nor ineffective<\/span> <span class=\"OpDesc\">Is Selected<\/span> "},"1":{"LogicType":"Question","QuestionID":"QID18","QuestionIsInLoop":"no","ChoiceLocator":"q:\/\/QID18\/SelectableChoice\/4","Operator":"Selected","QuestionIDFromLocator":"QID18","LeftOperand":"q:\/\/QID18\/SelectableChoice\/4","Type":"Expression","Description":"<span class=\"ConjDesc\">Or<\/span> <span class=\"QuestionDesc\">How effective has Open Data Flint been in meeting your needs?<\/span> <span class=\"LeftOpDesc\">Somewhat ineffective<\/span> <span class=\"OpDesc\">Is Selected<\/span> ","Conjuction":"Or"},"2":{"LogicType":"Question","QuestionID":"QID18","QuestionIsInLoop":"no","ChoiceLocator":"q:\/\/QID18\/SelectableChoice\/5","Operator":"Selected","QuestionIDFromLocator":"QID18","LeftOperand":"q:\/\/QID18\/SelectableChoice\/5","Type":"Expression","Description":"<span class=\"ConjDesc\">Or<\/span> <span class=\"QuestionDesc\">How effective has Open Data Flint been in meeting your needs?<\/span> <span class=\"LeftOpDesc\">Ineffective<\/span> <span class=\"OpDesc\">Is Selected<\/span> ","Conjuction":"Or"},"3":{"LogicType":"Question","QuestionID":"QID18","QuestionIsInLoop":"no","ChoiceLocator":"q:\/\/QID18\/SelectableChoice\/6","Operator":"Selected","QuestionIDFromLocator":"QID18","LeftOperand":"q:\/\/QID18\/SelectableChoice\/6","Type":"Expression","Description":"<span class=\"ConjDesc\">Or<\/span> <span class=\"QuestionDesc\">How effective has Open Data Flint been in meeting your needs?<\/span> <span class=\"LeftOpDesc\">No Answer<\/span> <span class=\"OpDesc\">Is Selected<\/span> ","Conjuction":"Or"},"Type":"If"},"Type":"BooleanExpression","inPage":false}}},{"SurveyID":"SV_8v79iA9BlgTnAnH","Element":"SQ","PrimaryAttribute":"QID18","SecondaryAttribute":"How effective has Open Data Flint been in meeting your needs?","TertiaryAttribute":null,"Payload":{"QuestionText":"How effective has Open Data Flint been in meeting your needs?","DataExportTag":"Design_Effective","QuestionType":"MC","Selector":"SAVR","SubSelector":"TX","Configuration":{"QuestionDescriptionOption":"UseText"},"QuestionDescription":"How effective has Open Data Flint been in meeting your needs?","Choices":{"1":{"Display":"Effective"},"2":{"Display":"Somewhat effective"},"3":{"Display":"Neither effective nor ineffective"},"4":{"Display":"Somewhat ineffective"},"5":{"Display":"Ineffective"},"6":{"Display":"No Answer"}},"ChoiceOrder":["1","2","3","4","5","6"],"Validation":{"Settings":{"ForceResponse":"ON","ForceResponseType":"ON","Type":"None"}},"Language":[],"NextChoiceId":7,"NextAnswerId":1,"QuestionID":"QID18","DataVisibility":{"Private":false,"Hidden":false}}},{"SurveyID":"SV_8v79iA9BlgTnAnH","Element":"SQ","PrimaryAttribute":"QID23","SecondaryAttribute":"How has the website met your needs?","TertiaryAttribute":null,"Payload":{"QuestionText":"How has the website met your needs?","DefaultChoices":false,"DataExportTag":"Q23","QuestionType":"TE","Selector":"ML","Configuration":{"QuestionDescriptionOption":"UseText","InputWidth":575,"InputHeight":100,"AllowFreeResponse":"false"},"QuestionDescription":"How has the website met your needs?","DisplayLogic":{"0":{"0":{"LogicType":"Question","QuestionID":"QID18","QuestionIsInLoop":"no","ChoiceLocator":"q:\/\/QID18\/SelectableChoice\/1","Operator":"Selected","QuestionIDFromLocator":"QID18","LeftOperand":"q:\/\/QID18\/SelectableChoice\/1","Type":"Expression","Description":"<span class=\"ConjDesc\">If<\/span> <span class=\"QuestionDesc\">How effective has Open Data Flint been in meeting your needs?<\/span> <span class=\"LeftOpDesc\">Effective<\/span> <span class=\"OpDesc\">Is Selected<\/span> "},"1":{"LogicType":"Question","QuestionID":"QID18","QuestionIsInLoop":"no","ChoiceLocator":"q:\/\/QID18\/SelectableChoice\/2","Operator":"Selected","QuestionIDFromLocator":"QID18","LeftOperand":"q:\/\/QID18\/SelectableChoice\/2","Type":"Expression","Description":"<span class=\"ConjDesc\">Or<\/span> <span class=\"QuestionDesc\">How effective has Open Data Flint been in meeting your needs?<\/span> <span class=\"LeftOpDesc\">Somewhat effective<\/span> <span class=\"OpDesc\">Is Selected<\/span> ","Conjuction":"Or"},"2":{"LogicType":"Question","QuestionID":"QID18","QuestionIsInLoop":"no","ChoiceLocator":"q:\/\/QID18\/SelectableChoice\/6","Operator":"Selected","QuestionIDFromLocator":"QID18","LeftOperand":"q:\/\/QID18\/SelectableChoice\/6","Type":"Expression","Description":"<span class=\"ConjDesc\">Or<\/span> <span class=\"QuestionDesc\">How effective has Open Data Flint been in meeting your needs?<\/span> <span class=\"LeftOpDesc\">No Answer<\/span> <span class=\"OpDesc\">Is Selected<\/span> ","Conjuction":"Or"},"Type":"If"},"Type":"BooleanExpression","inPage":false},"Validation":{"Settings":{"ForceResponse":"ON","ForceResponseType":"ON","Type":"None"}},"GradingData":[],"Language":[],"NextChoiceId":4,"NextAnswerId":1,"QuestionID":"QID23","DataVisibility":{"Private":false,"Hidden":false}}},{"SurveyID":"SV_8v79iA9BlgTnAnH","Element":"SQ","PrimaryAttribute":"QID14","SecondaryAttribute":"How often do you use the Open Data Flint site?","TertiaryAttribute":null,"Payload":{"QuestionText":"How often do you use the Open Data Flint site?","DataExportTag":"How_Often","QuestionType":"MC","Selector":"SAVR","SubSelector":"TX","Configuration":{"QuestionDescriptionOption":"UseText","LabelPosition":"BELOW"},"QuestionDescription":"How often do you use the Open Data Flint site?","Choices":{"1":{"Display":"Daily"},"2":{"Display":"More than once weekly"},"3":{"Display":"Weekly"},"4":{"Display":"More than once monthly"},"5":{"Display":"Monthly"},"6":{"Display":"Less than monthly"},"7":{"Display":"I have never used this website"}},"ChoiceOrder":[1,2,3,4,5,6,7],"Validation":{"Settings":{"ForceResponse":"ON","ForceResponseType":"ON","Type":"None"}},"Language":[],"NextChoiceId":8,"NextAnswerId":1,"QuestionID":"QID14","DataVisibility":{"Private":false,"Hidden":false},"GradingData":[]}},{"SurveyID":"SV_8v79iA9BlgTnAnH","Element":"SQ","PrimaryAttribute":"QID11","SecondaryAttribute":"How useful has the site been in achieving your specific objectives?","TertiaryAttribute":null,"Payload":{"QuestionText":"How useful has the site been in achieving your specific objectives?","DataExportTag":"Useful","QuestionType":"MC","Selector":"SAVR","SubSelector":"TX","Configuration":{"QuestionDescriptionOption":"UseText","LabelPosition":"BELOW"},"QuestionDescription":"How useful has the site been in achieving your specific objectives?","Choices":{"1":{"Display":"Extremely useful"},"2":{"Display":"Very useful"},"3":{"Display":"Moderately useful"},"4":{"Display":"Slightly useful"},"5":{"Display":"Not useful"},"6":{"Display":"No Answer"}},"ChoiceOrder":[1,2,3,4,5,"6"],"Validation":{"Settings":{"ForceResponse":"OFF","ForceResponseType":"ON","Type":"None"}},"Language":[],"NextChoiceId":7,"NextAnswerId":1,"QuestionID":"QID11","GradingData":[],"DataVisibility":{"Private":false,"Hidden":false}}},{"SurveyID":"SV_8v79iA9BlgTnAnH","Element":"SQ","PrimaryAttribute":"QID2","SecondaryAttribute":"In what context did you learn about Open Data Flint?","TertiaryAttribute":null,"Payload":{"QuestionText":"In what context did you learn about Open Data Flint?","DataExportTag":"Q2","QuestionType":"MC","Selector":"SAVR","SubSelector":"TX","Configuration":{"QuestionDescriptionOption":"UseText"},"QuestionDescription":"In what context did you learn about Open Data Flint?","Choices":{"1":{"Display":"Community"},"2":{"Display":"Work"},"3":{"Display":"Academic"}},"ChoiceOrder":[1,2,3],"Validation":{"Settings":{"ForceResponse":"OFF","ForceResponseType":"ON","Type":"None"}},"Language":[],"NextChoiceId":4,"NextAnswerId":1,"QuestionID":"QID2"}},{"SurveyID":"SV_8v79iA9BlgTnAnH","Element":"SQ","PrimaryAttribute":"QID3","SecondaryAttribute":"In what context did you learn about Open Data Flint?","TertiaryAttribute":null,"Payload":{"QuestionText":"In what context did you learn about Open Data Flint?","DataExportTag":"ODF_Intro","QuestionType":"MC","Selector":"SAVR","SubSelector":"TX","Configuration":{"QuestionDescriptionOption":"UseText"},"QuestionDescription":"In what context did you learn about Open Data Flint?","Choices":{"1":{"Display":"Community"},"2":{"Display":"Work"},"3":{"Display":"Academic"},"4":{"Display":"Personal"},"5":{"Display":"Other","TextEntry":"true"}},"ChoiceOrder":[1,2,3,4,5],"Validation":{"Settings":{"ForceResponse":"ON","ForceResponseType":"ON","Type":"None"}},"GradingData":[],"Language":[],"NextChoiceId":6,"NextAnswerId":1,"QuestionID":"QID3","DataVisibility":{"Private":false,"Hidden":false}}},{"SurveyID":"SV_8v79iA9BlgTnAnH","Element":"SQ","PrimaryAttribute":"QID12","SecondaryAttribute":"In what context did you learn about Open Data Flint?","TertiaryAttribute":null,"Payload":{"QuestionText":"In what context did you learn about Open Data Flint?","DataExportTag":"Context","QuestionType":"MC","Selector":"SAVR","SubSelector":"TX","DataVisibility":{"Private":false,"Hidden":false},"Configuration":{"QuestionDescriptionOption":"UseText"},"QuestionDescription":"In what context did you learn about Open Data Flint?","Choices":{"1":{"Display":"Community"},"2":{"Display":"Work"},"3":{"Display":"Academic"},"4":{"Display":"Personal"},"5":{"Display":"Other","TextEntry":"true"}},"ChoiceOrder":[1,2,3,4,5],"Validation":{"Settings":{"ForceResponse":"ON","ForceResponseType":"ON","Type":"None"}},"GradingData":[],"Language":[],"NextChoiceId":6,"NextAnswerId":1,"QuestionID":"QID12"}},{"SurveyID":"SV_8v79iA9BlgTnAnH","Element":"SQ","PrimaryAttribute":"QID21","SecondaryAttribute":"In what context do you or would you most frequently use Open Data Flint?","TertiaryAttribute":null,"Payload":{"QuestionText":"In what context do you or would you most frequently use Open Data Flint?","DataExportTag":"Use_Context","QuestionType":"MC","Selector":"SAVR","SubSelector":"TX","DataVisibility":{"Private":false,"Hidden":false},"Configuration":{"QuestionDescriptionOption":"UseText"},"QuestionDescription":"In what context do you or would you most frequently use Open Data Flint?","Choices":{"1":{"Display":"Community"},"2":{"Display":"Work"},"3":{"Display":"Academic"},"4":{"Display":"Personal"},"5":{"Display":"Other","TextEntry":"true"}},"ChoiceOrder":[1,2,3,4,5],"Validation":{"Settings":{"ForceResponse":"ON","ForceResponseType":"ON","Type":"None"}},"GradingData":[],"Language":[],"NextChoiceId":6,"NextAnswerId":1,"QuestionID":"QID21"}},{"SurveyID":"SV_8v79iA9BlgTnAnH","Element":"SQ","PrimaryAttribute":"QID8","SecondaryAttribute":"In what ways have you used Open Data Flint?","TertiaryAttribute":null,"Payload":{"QuestionText":"In what ways have you used Open Data Flint?","DefaultChoices":false,"DataExportTag":"PriorUse","QuestionType":"TE","Selector":"ML","Configuration":{"QuestionDescriptionOption":"UseText","InputWidth":475,"InputHeight":100,"AllowFreeResponse":"false"},"QuestionDescription":"In what ways have you used Open Data Flint?","Validation":{"Settings":{"ForceResponse":"ON","ForceResponseType":"ON","Type":"None"}},"GradingData":[],"Language":[],"NextChoiceId":4,"NextAnswerId":1,"QuestionID":"QID8","DataVisibility":{"Private":false,"Hidden":false}}},{"SurveyID":"SV_8v79iA9BlgTnAnH","Element":"SQ","PrimaryAttribute":"QID24","SecondaryAttribute":"In what ways would you like to be able to use Open Data Flint?","TertiaryAttribute":null,"Payload":{"QuestionText":"In what ways would you like to be able to use Open Data Flint?","DefaultChoices":false,"DataExportTag":"Needs","QuestionID":"QID24","QuestionType":"TE","Selector":"ML","Configuration":{"QuestionDescriptionOption":"UseText","InputWidth":475,"InputHeight":102,"AllowFreeResponse":"false"},"QuestionDescription":"In what ways would you like to be able to use Open Data Flint?","Validation":{"Settings":{"ForceResponse":"ON","ForceResponseType":"ON","Type":"None"}},"GradingData":[],"Language":[],"NextChoiceId":4,"NextAnswerId":1,"DataVisibility":{"Private":false,"Hidden":false}}},{"SurveyID":"SV_8v79iA9BlgTnAnH","Element":"SQ","PrimaryAttribute":"QID19","SecondaryAttribute":"Is there anything else you would like to add about your experience with Open Data Flint?","TertiaryAttribute":null,"Payload":{"QuestionText":"Is there anything else you would like to add about your experience with Open Data Flint?","DefaultChoices":false,"DataExportTag":"Navigation","QuestionID":"QID19","QuestionType":"TE","Selector":"ML","DataVisibility":{"Private":false,"Hidden":false},"Configuration":{"QuestionDescriptionOption":"UseText","InputWidth":585,"InputHeight":100,"AllowFreeResponse":"false"},"QuestionDescription":"Is there anything else you would like to add about your experience with Open Data Flint?","Validation":{"Settings":{"ForceResponse":"OFF","ForceResponseType":"ON","Type":"None"}},"GradingData":[],"Language":[],"NextChoiceId":6,"NextAnswerId":1}},{"SurveyID":"SV_8v79iA9BlgTnAnH","Element":"SQ","PrimaryAttribute":"QID1","SecondaryAttribute":"This survey is part of a user research project conducted with the intent of redesigning the Open...","TertiaryAttribute":null,"Payload":{"QuestionText":"<div>This survey is part of a user research project conducted with the intent of redesigning the Open Data Flint website.&nbsp; Open Data Flint can be found at www.opendataflint.org.<\/div><div><br><\/div>\n\n<p>Please spend some time reviewing the site before participating in this survey.&nbsp; Feedback from this survey will be kept anonymous and confidential.<\/p><br><div>The survey should take roughly ten minutes to complete.&nbsp; If you are ready, please click the button to proceed.<br><\/div>","DefaultChoices":false,"DataExportTag":"Survey_Intro","QuestionID":"QID1","QuestionType":"DB","Selector":"TB","Configuration":{"QuestionDescriptionOption":"UseText"},"QuestionDescription":"This survey is part of a user research project conducted with the intent of redesigning the Open...","ChoiceOrder":[],"Validation":{"Settings":{"Type":"None"}},"GradingData":[],"Language":[],"NextChoiceId":4,"NextAnswerId":1,"DataVisibility":{"Private":false,"Hidden":false}}},{"SurveyID":"SV_8v79iA9BlgTnAnH","Element":"SQ","PrimaryAttribute":"QID15","SecondaryAttribute":"What are the websites or resources you use?","TertiaryAttribute":null,"Payload":{"QuestionText":"What are the similar websites or resources you have used?","DefaultChoices":false,"DataExportTag":"Resources","QuestionType":"TE","Selector":"SL","Configuration":{"QuestionDescriptionOption":"SpecifyLabel","AllowFreeResponse":"false","InputWidth":580,"InputHeight":30},"QuestionDescription":"What are the websites or resources you use?","Validation":{"Settings":{"ForceResponse":"ON","ForceResponseType":"ON","Type":"None"}},"GradingData":[],"Language":[],"NextChoiceId":4,"NextAnswerId":1,"QuestionID":"QID15","DataVisibility":{"Private":false,"Hidden":false}}},{"SurveyID":"SV_8v79iA9BlgTnAnH","Element":"SQ","PrimaryAttribute":"QID17","SecondaryAttribute":"What aspects of those resources make them useful to you?","TertiaryAttribute":null,"Payload":{"QuestionText":"What aspects of those resources make them useful to you?","DefaultChoices":false,"DataExportTag":"Traits","QuestionID":"QID17","QuestionType":"TE","Selector":"ML","Configuration":{"QuestionDescriptionOption":"UseText","InputWidth":580,"InputHeight":75,"AllowFreeResponse":"false"},"QuestionDescription":"What aspects of those resources make them useful to you?","Validation":{"Settings":{"ForceResponse":"ON","ForceResponseType":"ON","Type":"None"}},"GradingData":[],"Language":[],"NextChoiceId":8,"NextAnswerId":1,"DataVisibility":{"Private":false,"Hidden":false}}},{"SurveyID":"SV_8v79iA9BlgTnAnH","Element":"SQ","PrimaryAttribute":"QID9","SecondaryAttribute":"What is or would be your primary reason for using Open Data Flint?","TertiaryAttribute":null,"Payload":{"QuestionText":"What is or would be your primary reason for using Open Data Flint?","DefaultChoices":false,"DataExportTag":"Objective","QuestionID":"QID9","QuestionType":"MC","Selector":"SAVR","SubSelector":"TX","DataVisibility":{"Private":false,"Hidden":false},"Configuration":{"QuestionDescriptionOption":"UseText"},"QuestionDescription":"What is or would be your primary reason for using Open Data Flint?","Choices":{"1":{"Display":"Data Analysis"},"2":{"Display":"Data Sharing"},"3":{"Display":"Finding Research"},"4":{"Display":"General Information"},"5":{"Display":"Other","TextEntry":"true","InputHeight":24,"InputWidth":600,"TextEntrySize":"Medium"}},"ChoiceOrder":[1,2,3,4,5],"Validation":{"Settings":{"ForceResponse":"ON","ForceResponseType":"ON","Type":"None"}},"GradingData":[],"Language":[],"NextChoiceId":6,"NextAnswerId":1}},{"SurveyID":"SV_8v79iA9BlgTnAnH","Element":"SQ","PrimaryAttribute":"QID5","SecondaryAttribute":"What kinds of data would you like to see on the Open Data Flint portal?","TertiaryAttribute":null,"Payload":{"QuestionText":"What kinds of data would you like to see on the Open Data Flint portal?","DefaultChoices":false,"DataExportTag":"Data","QuestionType":"TE","Selector":"ESTB","Configuration":{"QuestionDescriptionOption":"UseText","AllowFreeResponse":"false","InputWidth":475,"InputHeight":102},"QuestionDescription":"What kinds of data would you like to see on the Open Data Flint portal?","Validation":{"Settings":{"ForceResponse":"OFF","ForceResponseType":"ON","Type":"None"}},"GradingData":[],"Language":[],"NextChoiceId":4,"NextAnswerId":1,"QuestionID":"QID5","DataVisibility":{"Private":false,"Hidden":false},"DisplayLogic":{"0":{"0":{"LogicType":"Question","QuestionID":"QID9","QuestionIsInLoop":"no","ChoiceLocator":"q:\/\/QID9\/SelectableChoice\/1","Operator":"Selected","QuestionIDFromLocator":"QID9","LeftOperand":"q:\/\/QID9\/SelectableChoice\/1","Type":"Expression","Description":"<span class=\"ConjDesc\">If<\/span> <span class=\"QuestionDesc\">What is or would be your primary reason for using Open Data Flint?<\/span> <span class=\"LeftOpDesc\">Data Analysis<\/span> <span class=\"OpDesc\">Is Selected<\/span> "},"1":{"LogicType":"Question","QuestionID":"QID9","QuestionIsInLoop":"no","ChoiceLocator":"q:\/\/QID9\/SelectableChoice\/3","Operator":"Selected","QuestionIDFromLocator":"QID9","LeftOperand":"q:\/\/QID9\/SelectableChoice\/3","Type":"Expression","Description":"<span class=\"ConjDesc\">Or<\/span> <span class=\"QuestionDesc\">What is or would be your primary reason for using Open Data Flint?<\/span> <span class=\"LeftOpDesc\">Finding Research<\/span> <span class=\"OpDesc\">Is Selected<\/span> ","Conjuction":"Or"},"Type":"If"},"Type":"BooleanExpression","inPage":false}}}]}